{
  "nodes": {
    "nixpkgs": {
      "locked": {
        "lastModified": 1659914493,
        "narHash": "sha256-lkA5X3VNMKirvA+SUzvEhfA7XquWLci+CGi505YFAIs=",
        "owner": "NixOS",
        "repo": "nixpkgs",
        "rev": "022caabb5f2265ad4006c1fa5b1ebe69fb0c3faf",
        "type": "github"
      },
      "original": {
        "id": "nixpkgs",
        "ref": "nixos-21.05",
        "type": "indirect"
      }
    },
    "root": {
      "inputs": {
        "nixpkgs": "nixpkgs"
      }
    }
  },
  "root": "root",
  "version": 7
}
