{
  "nodes": {
    "nixpkgs": {
      "info": {
        "lastModified": 1590140420,
        "narHash": "sha256-ozgGYyqGHoEKvgL00r6G0ht+ODXHuhpfW37IYxAda0A="
      },
      "locked": {
        "owner": "NixOS",
        "repo": "nixpkgs",
        "rev": "48723f48ab92381f0afd50143f38e45cf3080405",
        "type": "github"
      },
      "original": {
        "id": "nixpkgs",
        "ref": "nixos-20.03",
        "type": "indirect"
      }
    },
    "root": {
      "inputs": {
        "nixpkgs": "nixpkgs"
      }
    }
  },
  "root": "root",
  "version": 5
}
